{
  "name": "portfolio",
  "lockfileVersion": 3,
  "requires": true,
  "packages": {
    "": {
      "dependencies": {
        "prism-react-renderer": "^2.4.1"
      }
    },
    "node_modules/@types/prismjs": {
      "version": "1.26.5",
      "resolved": "https://registry.npmjs.org/@types/prismjs/-/prismjs-1.26.5.tgz",
      "integrity": "sha512-AUZTa7hQ2KY5L7AmtSiqxlhWxb4ina0yd8hNbl4TWuqnv/pFP0nDMb3YrfSBf4hJVGLh2YEIBfKaBW/9UEl6IQ==",
      "license": "MIT"
    },
    "node_modules/clsx": {
      "version": "2.1.1",
      "resolved": "https://registry.npmjs.org/clsx/-/clsx-2.1.1.tgz",
      "integrity": "sha512-eYm0QWBtUrBWZWG0d386OGAw16Z995PiOVo2B7bjWSbHedGl5e0ZWaq65kOGgUSNesEIDkB9ISbTg/JK9dhCZA==",
      "license": "MIT",
      "engines": {
        "node": ">=6"
      }
    },
    "node_modules/prism-react-renderer": {
      "version": "2.4.1",
      "resolved": "https://registry.npmjs.org/prism-react-renderer/-/prism-react-renderer-2.4.1.tgz",
      "integrity": "sha512-ey8Ls/+Di31eqzUxC46h8MksNuGx/n0AAC8uKpwFau4RPDYLuE3EXTp8N8G2vX2N7UC/+IXeNUnlWBGGcAG+Ig==",
      "license": "MIT",
      "dependencies": {
        "@types/prismjs": "^1.26.0",
        "clsx": "^2.0.0"
      },
      "peerDependencies": {
        "react": ">=16.0.0"
      }
    },
    "node_modules/react": {
      "version": "19.2.1",
      "resolved": "https://registry.npmjs.org/react/-/react-19.2.1.tgz",
      "integrity": "sha512-DGrYcCWK7tvYMnWh79yrPHt+vdx9tY+1gPZa7nJQtO/p8bLTDaHp4dzwEhQB7pZ4Xe3ok4XKuEPrVuc+wlpkmw==",
      "license": "MIT",
      "peer": true,
      "engines": {
        "node": ">=0.10.0"
      }
    }
  }
}
